
Microsoft Visual Studio Solution File, Format Version 12.00
# Visual Studio Version 16
VisualStudioVersion = 16.0.31702.278
MinimumVisualStudioVersion = 10.0.40219.1
Project("{FAE04EC0-301F-11D3-BF4B-00C04F79EFBC}") = "HELLO WORLD", "HELLO WORLD\HELLO WORLD.csproj", "{B2133E21-4642-4789-866E-9EC32E205F7F}"
EndProject
Global
	GlobalSection(SolutionConfigurationPlatforms) = preSolution
		Debug|Any CPU = Debug|Any CPU
		Release|Any CPU = Release|Any CPU
	EndGlobalSection
	GlobalSection(ProjectConfigurationPlatforms) = postSolution
		{B2133E21-4642-4789-866E-9EC32E205F7F}.Debug|Any CPU.ActiveCfg = Debug|Any CPU
		{B2133E21-4642-4789-866E-9EC32E205F7F}.Debug|Any CPU.Build.0 = Debug|Any CPU
		{B2133E21-4642-4789-866E-9EC32E205F7F}.Release|Any CPU.ActiveCfg = Release|Any CPU
		{B2133E21-4642-4789-866E-9EC32E205F7F}.Release|Any CPU.Build.0 = Release|Any CPU
	EndGlobalSection
	GlobalSection(SolutionProperties) = preSolution
		HideSolutionNode = FALSE
	EndGlobalSection
	GlobalSection(ExtensibilityGlobals) = postSolution
		SolutionGuid = {EB2CB62B-C322-4881-AB13-D84288BE471C}
	EndGlobalSection
EndGlobal
